
Microsoft Visual Studio Solution File, Format Version 12.00
# Visual Studio Version 16
VisualStudioVersion = 16.0.31729.503
MinimumVisualStudioVersion = 10.0.40219.1
Project("{FAE04EC0-301F-11D3-BF4B-00C04F79EFBC}") = "shopping_mall", "shopping_mall.csproj", "{4671ACC4-3CFC-4BB4-8891-2FA73E52C64B}"
EndProject
Global
	GlobalSection(SolutionConfigurationPlatforms) = preSolution
		Debug|Any CPU = Debug|Any CPU
		Release|Any CPU = Release|Any CPU
	EndGlobalSection
	GlobalSection(ProjectConfigurationPlatforms) = postSolution
		{4671ACC4-3CFC-4BB4-8891-2FA73E52C64B}.Debug|Any CPU.ActiveCfg = Debug|Any CPU
		{4671ACC4-3CFC-4BB4-8891-2FA73E52C64B}.Debug|Any CPU.Build.0 = Debug|Any CPU
		{4671ACC4-3CFC-4BB4-8891-2FA73E52C64B}.Release|Any CPU.ActiveCfg = Release|Any CPU
		{4671ACC4-3CFC-4BB4-8891-2FA73E52C64B}.Release|Any CPU.Build.0 = Release|Any CPU
	EndGlobalSection
	GlobalSection(SolutionProperties) = preSolution
		HideSolutionNode = FALSE
	EndGlobalSection
	GlobalSection(ExtensibilityGlobals) = postSolution
		SolutionGuid = {5475E125-8E62-4218-A8BA-FAF4B47874A4}
	EndGlobalSection
EndGlobal
